// !$*UTF8*$!
{
	archiveVersion = 1;
	classes = {
	};
	objectVersion = 56;
	objects = {

/* Begin PBXBuildFile section */
		A5326E712C1D99F1005D1E32 /* CursorGlowAnimationMacOSApp.swift in Sources */ = {isa = PBXBuildFile; fileRef = A5326E702C1D99F1005D1E32 /* CursorGlowAnimationMacOSApp.swift */; };
		A5326E732C1D99F1005D1E32 /* ContentView.swift in Sources */ = {isa = PBXBuildFile; fileRef = A5326E722C1D99F1005D1E32 /* ContentView.swift */; };
		A5326E752C1D99F2005D1E32 /* Assets.xcassets in Resources */ = {isa = PBXBuildFile; fileRef = A5326E742C1D99F2005D1E32 /* Assets.xcassets */; };
		A5326E782C1D99F2005D1E32 /* Preview Assets.xcassets in Resources */ = {isa = PBXBuildFile; fileRef = A5326E772C1D99F2005D1E32 /* Preview Assets.xcassets */; };
		A5326E822C1D9C0F005D1E32 /* AppItem.swift in Sources */ = {isa = PBXBuildFile; fileRef = A5326E812C1D9C0F005D1E32 /* AppItem.swift */; };
		A5326E842C1D9D49005D1E32 /* Home.swift in Sources */ = {isa = PBXBuildFile; fileRef = A5326E832C1D9D49005D1E32 /* Home.swift */; };
		A5326E862C1DA45F005D1E32 /* CursorGlowView.swift in Sources */ = {isa = PBXBuildFile; fileRef = A5326E852C1DA45F005D1E32 /* CursorGlowView.swift */; };
/* End PBXBuildFile section */

/* Begin PBXFileReference section */
		A5326E6D2C1D99F1005D1E32 /* CursorGlowAnimationMacOS.app */ = {isa = PBXFileReference; explicitFileType = wrapper.application; includeInIndex = 0; path = CursorGlowAnimationMacOS.app; sourceTree = BUILT_PRODUCTS_DIR; };
		A5326E702C1D99F1005D1E32 /* CursorGlowAnimationMacOSApp.swift */ = {isa = PBXFileReference; lastKnownFileType = sourcecode.swift; path = CursorGlowAnimationMacOSApp.swift; sourceTree = "<group>"; };
		A5326E722C1D99F1005D1E32 /* ContentView.swift */ = {isa = PBXFileReference; lastKnownFileType = sourcecode.swift; path = ContentView.swift; sourceTree = "<group>"; };
		A5326E742C1D99F2005D1E32 /* Assets.xcassets */ = {isa = PBXFileReference; lastKnownFileType = folder.assetcatalog; path = Assets.xcassets; sourceTree = "<group>"; };
		A5326E772C1D99F2005D1E32 /* Preview Assets.xcassets */ = {isa = PBXFileReference; lastKnownFileType = folder.assetcatalog; path = "Preview Assets.xcassets"; sourceTree = "<group>"; };
		A5326E792C1D99F2005D1E32 /* CursorGlowAnimationMacOS.entitlements */ = {isa = PBXFileReference; lastKnownFileType = text.plist.entitlements; path = CursorGlowAnimationMacOS.entitlements; sourceTree = "<group>"; };
		A5326E812C1D9C0F005D1E32 /* AppItem.swift */ = {isa = PBXFileReference; lastKnownFileType = sourcecode.swift; path = AppItem.swift; sourceTree = "<group>"; };
		A5326E832C1D9D49005D1E32 /* Home.swift */ = {isa = PBXFileReference; lastKnownFileType = sourcecode.swift; path = Home.swift; sourceTree = "<group>"; };
		A5326E852C1DA45F005D1E32 /* CursorGlowView.swift */ = {isa = PBXFileReference; lastKnownFileType = sourcecode.swift; path = CursorGlowView.swift; sourceTree = "<group>"; };
/* End PBXFileReference section */

/* Begin PBXFrameworksBuildPhase section */
		A5326E6A2C1D99F1005D1E32 /* Frameworks */ = {
			isa = PBXFrameworksBuildPhase;
			buildActionMask = 2147483647;
			files = (
			);
			runOnlyForDeploymentPostprocessing = 0;
		};
/* End PBXFrameworksBuildPhase section */

/* Begin PBXGroup section */
		A5326E642C1D99F1005D1E32 = {
			isa = PBXGroup;
			children = (
				A5326E6F2C1D99F1005D1E32 /* CursorGlowAnimationMacOS */,
				A5326E6E2C1D99F1005D1E32 /* Products */,
			);
			sourceTree = "<group>";
		};
		A5326E6E2C1D99F1005D1E32 /* Products */ = {
			isa = PBXGroup;
			children = (
				A5326E6D2C1D99F1005D1E32 /* CursorGlowAnimationMacOS.app */,
			);
			name = Products;
			sourceTree = "<group>";
		};
		A5326E6F2C1D99F1005D1E32 /* CursorGlowAnimationMacOS */ = {
			isa = PBXGroup;
			children = (
				A5326E802C1D9BF8005D1E32 /* Model */,
				A5326E7F2C1D9BF2005D1E32 /* View */,
				A5326E702C1D99F1005D1E32 /* CursorGlowAnimationMacOSApp.swift */,
				A5326E722C1D99F1005D1E32 /* ContentView.swift */,
				A5326E742C1D99F2005D1E32 /* Assets.xcassets */,
				A5326E792C1D99F2005D1E32 /* CursorGlowAnimationMacOS.entitlements */,
				A5326E762C1D99F2005D1E32 /* Preview Content */,
			);
			path = CursorGlowAnimationMacOS;
			sourceTree = "<group>";
		};
		A5326E762C1D99F2005D1E32 /* Preview Content */ = {
			isa = PBXGroup;
			children = (
				A5326E772C1D99F2005D1E32 /* Preview Assets.xcassets */,
			);
			path = "Preview Content";
			sourceTree = "<group>";
		};
		A5326E7F2C1D9BF2005D1E32 /* View */ = {
			isa = PBXGroup;
			children = (
				A5326E832C1D9D49005D1E32 /* Home.swift */,
				A5326E852C1DA45F005D1E32 /* CursorGlowView.swift */,
			);
			path = View;
			sourceTree = "<group>";
		};
		A5326E802C1D9BF8005D1E32 /* Model */ = {
			isa = PBXGroup;
			children = (
				A5326E812C1D9C0F005D1E32 /* AppItem.swift */,
			);
			path = Model;
			sourceTree = "<group>";
		};
/* End PBXGroup section */

/* Begin PBXNativeTarget section */
		A5326E6C2C1D99F1005D1E32 /* CursorGlowAnimationMacOS */ = {
			isa = PBXNativeTarget;
			buildConfigurationList = A5326E7C2C1D99F2005D1E32 /* Build configuration list for PBXNativeTarget "CursorGlowAnimationMacOS" */;
			buildPhases = (
				A5326E692C1D99F1005D1E32 /* Sources */,
				A5326E6A2C1D99F1005D1E32 /* Frameworks */,
				A5326E6B2C1D99F1005D1E32 /* Resources */,
			);
			buildRules = (
			);
			dependencies = (
			);
			name = CursorGlowAnimationMacOS;
			productName = CursorGlowAnimationMacOS;
			productReference = A5326E6D2C1D99F1005D1E32 /* CursorGlowAnimationMacOS.app */;
			productType = "com.apple.product-type.application";
		};
/* End PBXNativeTarget section */

/* Begin PBXProject section */
		A5326E652C1D99F1005D1E32 /* Project object */ = {
			isa = PBXProject;
			attributes = {
				BuildIndependentTargetsInParallel = 1;
				LastSwiftUpdateCheck = 1540;
				LastUpgradeCheck = 1540;
				TargetAttributes = {
					A5326E6C2C1D99F1005D1E32 = {
						CreatedOnToolsVersion = 15.4;
					};
				};
			};
			buildConfigurationList = A5326E682C1D99F1005D1E32 /* Build configuration list for PBXProject "CursorGlowAnimationMacOS" */;
			compatibilityVersion = "Xcode 14.0";
			developmentRegion = en;
			hasScannedForEncodings = 0;
			knownRegions = (
				en,
				Base,
			);
			mainGroup = A5326E642C1D99F1005D1E32;
			productRefGroup = A5326E6E2C1D99F1005D1E32 /* Products */;
			projectDirPath = "";
			projectRoot = "";
			targets = (
				A5326E6C2C1D99F1005D1E32 /* CursorGlowAnimationMacOS */,
			);
		};
/* End PBXProject section */

/* Begin PBXResourcesBuildPhase section */
		A5326E6B2C1D99F1005D1E32 /* Resources */ = {
			isa = PBXResourcesBuildPhase;
			buildActionMask = 2147483647;
			files = (
				A5326E782C1D99F2005D1E32 /* Preview Assets.xcassets in Resources */,
				A5326E752C1D99F2005D1E32 /* Assets.xcassets in Resources */,
			);
			runOnlyForDeploymentPostprocessing = 0;
		};
/* End PBXResourcesBuildPhase section */

/* Begin PBXSourcesBuildPhase section */
		A5326E692C1D99F1005D1E32 /* Sources */ = {
			isa = PBXSourcesBuildPhase;
			buildActionMask = 2147483647;
			files = (
				A5326E822C1D9C0F005D1E32 /* AppItem.swift in Sources */,
				A5326E732C1D99F1005D1E32 /* ContentView.swift in Sources */,
				A5326E862C1DA45F005D1E32 /* CursorGlowView.swift in Sources */,
				A5326E842C1D9D49005D1E32 /* Home.swift in Sources */,
				A5326E712C1D99F1005D1E32 /* CursorGlowAnimationMacOSApp.swift in Sources */,
			);
			runOnlyForDeploymentPostprocessing = 0;
		};
/* End PBXSourcesBuildPhase section */

/* Begin XCBuildConfiguration section */
		A5326E7A2C1D99F2005D1E32 /* Debug */ = {
			isa = XCBuildConfiguration;
			buildSettings = {
				ALWAYS_SEARCH_USER_PATHS = NO;
				ASSETCATALOG_COMPILER_GENERATE_SWIFT_ASSET_SYMBOL_EXTENSIONS = YES;
				CLANG_ANALYZER_NONNULL = YES;
				CLANG_ANALYZER_NUMBER_OBJECT_CONVERSION = YES_AGGRESSIVE;
				CLANG_CXX_LANGUAGE_STANDARD = "gnu++20";
				CLANG_ENABLE_MODULES = YES;
				CLANG_ENABLE_OBJC_ARC = YES;
				CLANG_ENABLE_OBJC_WEAK = YES;
				CLANG_WARN_BLOCK_CAPTURE_AUTORELEASING = YES;
				CLANG_WARN_BOOL_CONVERSION = YES;
				CLANG_WARN_COMMA = YES;
				CLANG_WARN_CONSTANT_CONVERSION = YES;
				CLANG_WARN_DEPRECATED_OBJC_IMPLEMENTATIONS = YES;
				CLANG_WARN_DIRECT_OBJC_ISA_USAGE = YES_ERROR;
				CLANG_WARN_DOCUMENTATION_COMMENTS = YES;
				CLANG_WARN_EMPTY_BODY = YES;
				CLANG_WARN_ENUM_CONVERSION = YES;
				CLANG_WARN_INFINITE_RECURSION = YES;
				CLANG_WARN_INT_CONVERSION = YES;
				CLANG_WARN_NON_LITERAL_NULL_CONVERSION = YES;
				CLANG_WARN_OBJC_IMPLICIT_RETAIN_SELF = YES;
				CLANG_WARN_OBJC_LITERAL_CONVERSION = YES;
				CLANG_WARN_OBJC_ROOT_CLASS = YES_ERROR;
				CLANG_WARN_QUOTED_INCLUDE_IN_FRAMEWORK_HEADER = YES;
				CLANG_WARN_RANGE_LOOP_ANALYSIS = YES;
				CLANG_WARN_STRICT_PROTOTYPES = YES;
				CLANG_WARN_SUSPICIOUS_MOVE = YES;
				CLANG_WARN_UNGUARDED_AVAILABILITY = YES_AGGRESSIVE;
				CLANG_WARN_UNREACHABLE_CODE = YES;
				CLANG_WARN__DUPLICATE_METHOD_MATCH = YES;
				COPY_PHASE_STRIP = NO;
				DEBUG_INFORMATION_FORMAT = dwarf;
				ENABLE_STRICT_OBJC_MSGSEND = YES;
				ENABLE_TESTABILITY = YES;
				ENABLE_USER_SCRIPT_SANDBOXING = YES;
				GCC_C_LANGUAGE_STANDARD = gnu17;
				GCC_DYNAMIC_NO_PIC = NO;
				GCC_NO_COMMON_BLOCKS = YES;
				GCC_OPTIMIZATION_LEVEL = 0;
				GCC_PREPROCESSOR_DEFINITIONS = (
					"DEBUG=1",
					"$(inherited)",
				);
				GCC_WARN_64_TO_32_BIT_CONVERSION = YES;
				GCC_WARN_ABOUT_RETURN_TYPE = YES_ERROR;
				GCC_WARN_UNDECLARED_SELECTOR = YES;
				GCC_WARN_UNINITIALIZED_AUTOS = YES_AGGRESSIVE;
				GCC_WARN_UNUSED_FUNCTION = YES;
				GCC_WARN_UNUSED_VARIABLE = YES;
				LOCALIZATION_PREFERS_STRING_CATALOGS = YES;
				MACOSX_DEPLOYMENT_TARGET = 14.5;
				MTL_ENABLE_DEBUG_INFO = INCLUDE_SOURCE;
				MTL_FAST_MATH = YES;
				ONLY_ACTIVE_ARCH = YES;
				SDKROOT = macosx;
				SWIFT_ACTIVE_COMPILATION_CONDITIONS = "DEBUG $(inherited)";
				SWIFT_OPTIMIZATION_LEVEL = "-Onone";
			};
			name = Debug;
		};
		A5326E7B2C1D99F2005D1E32 /* Release */ = {
			isa = XCBuildConfiguration;
			buildSettings = {
				ALWAYS_SEARCH_USER_PATHS = NO;
				ASSETCATALOG_COMPILER_GENERATE_SWIFT_ASSET_SYMBOL_EXTENSIONS = YES;
				CLANG_ANALYZER_NONNULL = YES;
				CLANG_ANALYZER_NUMBER_OBJECT_CONVERSION = YES_AGGRESSIVE;
				CLANG_CXX_LANGUAGE_STANDARD = "gnu++20";
				CLANG_ENABLE_MODULES = YES;
				CLANG_ENABLE_OBJC_ARC = YES;
				CLANG_ENABLE_OBJC_WEAK = YES;
				CLANG_WARN_BLOCK_CAPTURE_AUTORELEASING = YES;
				CLANG_WARN_BOOL_CONVERSION = YES;
				CLANG_WARN_COMMA = YES;
				CLANG_WARN_CONSTANT_CONVERSION = YES;
				CLANG_WARN_DEPRECATED_OBJC_IMPLEMENTATIONS = YES;
				CLANG_WARN_DIRECT_OBJC_ISA_USAGE = YES_ERROR;
				CLANG_WARN_DOCUMENTATION_COMMENTS = YES;
				CLANG_WARN_EMPTY_BODY = YES;
				CLANG_WARN_ENUM_CONVERSION = YES;
				CLANG_WARN_INFINITE_RECURSION = YES;
				CLANG_WARN_INT_CONVERSION = YES;
				CLANG_WARN_NON_LITERAL_NULL_CONVERSION = YES;
				CLANG_WARN_OBJC_IMPLICIT_RETAIN_SELF = YES;
				CLANG_WARN_OBJC_LITERAL_CONVERSION = YES;
				CLANG_WARN_OBJC_ROOT_CLASS = YES_ERROR;
				CLANG_WARN_QUOTED_INCLUDE_IN_FRAMEWORK_HEADER = YES;
				CLANG_WARN_RANGE_LOOP_ANALYSIS = YES;
				CLANG_WARN_STRICT_PROTOTYPES = YES;
				CLANG_WARN_SUSPICIOUS_MOVE = YES;
				CLANG_WARN_UNGUARDED_AVAILABILITY = YES_AGGRESSIVE;
				CLANG_WARN_UNREACHABLE_CODE = YES;
				CLANG_WARN__DUPLICATE_METHOD_MATCH = YES;
				COPY_PHASE_STRIP = NO;
				DEBUG_INFORMATION_FORMAT = "dwarf-with-dsym";
				ENABLE_NS_ASSERTIONS = NO;
				ENABLE_STRICT_OBJC_MSGSEND = YES;
				ENABLE_USER_SCRIPT_SANDBOXING = YES;
				GCC_C_LANGUAGE_STANDARD = gnu17;
				GCC_NO_COMMON_BLOCKS = YES;
				GCC_WARN_64_TO_32_BIT_CONVERSION = YES;
				GCC_WARN_ABOUT_RETURN_TYPE = YES_ERROR;
				GCC_WARN_UNDECLARED_SELECTOR = YES;
				GCC_WARN_UNINITIALIZED_AUTOS = YES_AGGRESSIVE;
				GCC_WARN_UNUSED_FUNCTION = YES;
				GCC_WARN_UNUSED_VARIABLE = YES;
				LOCALIZATION_PREFERS_STRING_CATALOGS = YES;
				MACOSX_DEPLOYMENT_TARGET = 14.5;
				MTL_ENABLE_DEBUG_INFO = NO;
				MTL_FAST_MATH = YES;
				SDKROOT = macosx;
				SWIFT_COMPILATION_MODE = wholemodule;
			};
			name = Release;
		};
		A5326E7D2C1D99F2005D1E32 /* Debug */ = {
			isa = XCBuildConfiguration;
			buildSettings = {
				ASSETCATALOG_COMPILER_APPICON_NAME = AppIcon;
				ASSETCATALOG_COMPILER_GLOBAL_ACCENT_COLOR_NAME = AccentColor;
				CODE_SIGN_ENTITLEMENTS = CursorGlowAnimationMacOS/CursorGlowAnimationMacOS.entitlements;
				CODE_SIGN_STYLE = Automatic;
				COMBINE_HIDPI_IMAGES = YES;
				CURRENT_PROJECT_VERSION = 1;
				DEVELOPMENT_ASSET_PATHS = "\"CursorGlowAnimationMacOS/Preview Content\"";
				DEVELOPMENT_TEAM = H32J47ML7Z;
				ENABLE_HARDENED_RUNTIME = YES;
				ENABLE_PREVIEWS = YES;
				GENERATE_INFOPLIST_FILE = YES;
				INFOPLIST_KEY_NSHumanReadableCopyright = "";
				LD_RUNPATH_SEARCH_PATHS = (
					"$(inherited)",
					"@executable_path/../Frameworks",
				);
				MARKETING_VERSION = 1.0;
				PRODUCT_BUNDLE_IDENTIFIER = com.pysarenkodev.CursorGlowAnimationMacOS;
				PRODUCT_NAME = "$(TARGET_NAME)";
				SWIFT_EMIT_LOC_STRINGS = YES;
				SWIFT_VERSION = 5.0;
			};
			name = Debug;
		};
		A5326E7E2C1D99F2005D1E32 /* Release */ = {
			isa = XCBuildConfiguration;
			buildSettings = {
				ASSETCATALOG_COMPILER_APPICON_NAME = AppIcon;
				ASSETCATALOG_COMPILER_GLOBAL_ACCENT_COLOR_NAME = AccentColor;
				CODE_SIGN_ENTITLEMENTS = CursorGlowAnimationMacOS/CursorGlowAnimationMacOS.entitlements;
				CODE_SIGN_STYLE = Automatic;
				COMBINE_HIDPI_IMAGES = YES;
				CURRENT_PROJECT_VERSION = 1;
				DEVELOPMENT_ASSET_PATHS = "\"CursorGlowAnimationMacOS/Preview Content\"";
				DEVELOPMENT_TEAM = H32J47ML7Z;
				ENABLE_HARDENED_RUNTIME = YES;
				ENABLE_PREVIEWS = YES;
				GENERATE_INFOPLIST_FILE = YES;
				INFOPLIST_KEY_NSHumanReadableCopyright = "";
				LD_RUNPATH_SEARCH_PATHS = (
					"$(inherited)",
					"@executable_path/../Frameworks",
				);
				MARKETING_VERSION = 1.0;
				PRODUCT_BUNDLE_IDENTIFIER = com.pysarenkodev.CursorGlowAnimationMacOS;
				PRODUCT_NAME = "$(TARGET_NAME)";
				SWIFT_EMIT_LOC_STRINGS = YES;
				SWIFT_VERSION = 5.0;
			};
			name = Release;
		};
/* End XCBuildConfiguration section */

/* Begin XCConfigurationList section */
		A5326E682C1D99F1005D1E32 /* Build configuration list for PBXProject "CursorGlowAnimationMacOS" */ = {
			isa = XCConfigurationList;
			buildConfigurations = (
				A5326E7A2C1D99F2005D1E32 /* Debug */,
				A5326E7B2C1D99F2005D1E32 /* Release */,
			);
			defaultConfigurationIsVisible = 0;
			defaultConfigurationName = Release;
		};
		A5326E7C2C1D99F2005D1E32 /* Build configuration list for PBXNativeTarget "CursorGlowAnimationMacOS" */ = {
			isa = XCConfigurationList;
			buildConfigurations = (
				A5326E7D2C1D99F2005D1E32 /* Debug */,
				A5326E7E2C1D99F2005D1E32 /* Release */,
			);
			defaultConfigurationIsVisible = 0;
			defaultConfigurationName = Release;
		};
/* End XCConfigurationList section */
	};
	rootObject = A5326E652C1D99F1005D1E32 /* Project object */;
}
